// !$*UTF8*$!
{
	archiveVersion = 1;
	classes = {
	};
	objectVersion = 51;
	objects = {

/* Begin PBXBuildFile section */
		1A533B7C23C4702300A6DF35 /* GoogleService-Info.plist in Resources */ = {isa = PBXBuildFile; fileRef = 1A533B7B23C4702300A6DF35 /* GoogleService-Info.plist */; };
		1A533B7E23C496D200A6DF35 /* Bindable.swift in Sources */ = {isa = PBXBuildFile; fileRef = 1A533B7D23C496D200A6DF35 /* Bindable.swift */; };
		1A58A9EB23C42397002D40E1 /* Advertiser.swift in Sources */ = {isa = PBXBuildFile; fileRef = 1A58A9EA23C42397002D40E1 /* Advertiser.swift */; };
		1A58A9ED23C44FD2002D40E1 /* RegistrationController.swift in Sources */ = {isa = PBXBuildFile; fileRef = 1A58A9EC23C44FD2002D40E1 /* RegistrationController.swift */; };
		1A58A9EF23C454D2002D40E1 /* CustomTextField.swift in Sources */ = {isa = PBXBuildFile; fileRef = 1A58A9EE23C454D2002D40E1 /* CustomTextField.swift */; };
		1A58A9F123C46403002D40E1 /* RegistrationViewModel.swift in Sources */ = {isa = PBXBuildFile; fileRef = 1A58A9F023C46403002D40E1 /* RegistrationViewModel.swift */; };
		1A87876623C32B9F006A99DD /* Extensions.swift in Sources */ = {isa = PBXBuildFile; fileRef = 1A87876523C32B9F006A99DD /* Extensions.swift */; };
		1A87876923C331D9006A99DD /* HomeBottomControlsStackView.swift in Sources */ = {isa = PBXBuildFile; fileRef = 1A87876823C331D9006A99DD /* HomeBottomControlsStackView.swift */; };
		1A87876B23C33575006A99DD /* TopNavigationStackView.swift in Sources */ = {isa = PBXBuildFile; fileRef = 1A87876A23C33575006A99DD /* TopNavigationStackView.swift */; };
		1A87876D23C370D5006A99DD /* CardView.swift in Sources */ = {isa = PBXBuildFile; fileRef = 1A87876C23C370D5006A99DD /* CardView.swift */; };
		1A87877023C41146006A99DD /* User.swift in Sources */ = {isa = PBXBuildFile; fileRef = 1A87876F23C41146006A99DD /* User.swift */; };
		1A87877423C416B8006A99DD /* CardViewModel.swift in Sources */ = {isa = PBXBuildFile; fileRef = 1A87877323C416B8006A99DD /* CardViewModel.swift */; };
		1ADB991523C581E300CBE803 /* SettingsController.swift in Sources */ = {isa = PBXBuildFile; fileRef = 1ADB991423C581E300CBE803 /* SettingsController.swift */; };
		1ADB991723C58A3E00CBE803 /* SettingsCell.swift in Sources */ = {isa = PBXBuildFile; fileRef = 1ADB991623C58A3E00CBE803 /* SettingsCell.swift */; };
		1ADB991923C59DDA00CBE803 /* AgeRangeCell.swift in Sources */ = {isa = PBXBuildFile; fileRef = 1ADB991823C59DDA00CBE803 /* AgeRangeCell.swift */; };
		1ADB995A23C5BA0600CBE803 /* LoginController.swift in Sources */ = {isa = PBXBuildFile; fileRef = 1ADB995923C5BA0600CBE803 /* LoginController.swift */; };
		1ADB995C23C5BA0F00CBE803 /* LoginViewModel.swift in Sources */ = {isa = PBXBuildFile; fileRef = 1ADB995B23C5BA0F00CBE803 /* LoginViewModel.swift */; };
		1ADB995E23C5C13C00CBE803 /* Firebase+Utils.swift in Sources */ = {isa = PBXBuildFile; fileRef = 1ADB995D23C5C13C00CBE803 /* Firebase+Utils.swift */; };
		1AF2965323BD838600A7FC7F /* AppDelegate.swift in Sources */ = {isa = PBXBuildFile; fileRef = 1AF2965223BD838600A7FC7F /* AppDelegate.swift */; };
		1AF2965523BD838600A7FC7F /* SceneDelegate.swift in Sources */ = {isa = PBXBuildFile; fileRef = 1AF2965423BD838600A7FC7F /* SceneDelegate.swift */; };
		1AF2965723BD838600A7FC7F /* HomeController.swift in Sources */ = {isa = PBXBuildFile; fileRef = 1AF2965623BD838600A7FC7F /* HomeController.swift */; };
		1AF2965A23BD838600A7FC7F /* Main.storyboard in Resources */ = {isa = PBXBuildFile; fileRef = 1AF2965823BD838600A7FC7F /* Main.storyboard */; };
		1AF2965C23BD838800A7FC7F /* Assets.xcassets in Resources */ = {isa = PBXBuildFile; fileRef = 1AF2965B23BD838800A7FC7F /* Assets.xcassets */; };
		1AF2965F23BD838800A7FC7F /* LaunchScreen.storyboard in Resources */ = {isa = PBXBuildFile; fileRef = 1AF2965D23BD838800A7FC7F /* LaunchScreen.storyboard */; };
		1AF2966A23BD838800A7FC7F /* KElonTinderTests.swift in Sources */ = {isa = PBXBuildFile; fileRef = 1AF2966923BD838800A7FC7F /* KElonTinderTests.swift */; };
		1AF2967523BD838800A7FC7F /* KElonTinderUITests.swift in Sources */ = {isa = PBXBuildFile; fileRef = 1AF2967423BD838800A7FC7F /* KElonTinderUITests.swift */; };
		1AFB3D4D23C84A26009DF25F /* UserDetailsController.swift in Sources */ = {isa = PBXBuildFile; fileRef = 1AFB3D4C23C84A26009DF25F /* UserDetailsController.swift */; };
		32B44DAFCDB8F99F1829987D /* Pods_KElonTinder.framework in Frameworks */ = {isa = PBXBuildFile; fileRef = 5A5B39814B6210EE35823409 /* Pods_KElonTinder.framework */; };
		D03E18D8C6A764EEAA9D7C24 /* Pods_KElonTinder_KElonTinderUITests.framework in Frameworks */ = {isa = PBXBuildFile; fileRef = DE7312CF20506088344FDEBB /* Pods_KElonTinder_KElonTinderUITests.framework */; };
		FBC7C2FE0982A4FACC80BDD4 /* Pods_KElonTinderTests.framework in Frameworks */ = {isa = PBXBuildFile; fileRef = 3FE5F75108393A8D217E9054 /* Pods_KElonTinderTests.framework */; };
/* End PBXBuildFile section */

/* Begin PBXContainerItemProxy section */
		1AF2966623BD838800A7FC7F /* PBXContainerItemProxy */ = {
			isa = PBXContainerItemProxy;
			containerPortal = 1AF2964723BD838600A7FC7F /* Project object */;
			proxyType = 1;
			remoteGlobalIDString = 1AF2964E23BD838600A7FC7F;
			remoteInfo = KElonTinder;
		};
		1AF2967123BD838800A7FC7F /* PBXContainerItemProxy */ = {
			isa = PBXContainerItemProxy;
			containerPortal = 1AF2964723BD838600A7FC7F /* Project object */;
			proxyType = 1;
			remoteGlobalIDString = 1AF2964E23BD838600A7FC7F;
			remoteInfo = KElonTinder;
		};
/* End PBXContainerItemProxy section */

/* Begin PBXFileReference section */
		1A533B7B23C4702300A6DF35 /* GoogleService-Info.plist */ = {isa = PBXFileReference; fileEncoding = 4; lastKnownFileType = text.plist.xml; name = "GoogleService-Info.plist"; path = "../../../../Downloads/GoogleService-Info.plist"; sourceTree = "<group>"; };
		1A533B7D23C496D200A6DF35 /* Bindable.swift */ = {isa = PBXFileReference; lastKnownFileType = sourcecode.swift; path = Bindable.swift; sourceTree = "<group>"; };
		1A58A9EA23C42397002D40E1 /* Advertiser.swift */ = {isa = PBXFileReference; lastKnownFileType = sourcecode.swift; path = Advertiser.swift; sourceTree = "<group>"; };
		1A58A9EC23C44FD2002D40E1 /* RegistrationController.swift */ = {isa = PBXFileReference; lastKnownFileType = sourcecode.swift; path = RegistrationController.swift; sourceTree = "<group>"; };
		1A58A9EE23C454D2002D40E1 /* CustomTextField.swift */ = {isa = PBXFileReference; lastKnownFileType = sourcecode.swift; path = CustomTextField.swift; sourceTree = "<group>"; };
		1A58A9F023C46403002D40E1 /* RegistrationViewModel.swift */ = {isa = PBXFileReference; lastKnownFileType = sourcecode.swift; path = RegistrationViewModel.swift; sourceTree = "<group>"; };
		1A87876523C32B9F006A99DD /* Extensions.swift */ = {isa = PBXFileReference; lastKnownFileType = sourcecode.swift; path = Extensions.swift; sourceTree = "<group>"; };
		1A87876823C331D9006A99DD /* HomeBottomControlsStackView.swift */ = {isa = PBXFileReference; lastKnownFileType = sourcecode.swift; path = HomeBottomControlsStackView.swift; sourceTree = "<group>"; };
		1A87876A23C33575006A99DD /* TopNavigationStackView.swift */ = {isa = PBXFileReference; lastKnownFileType = sourcecode.swift; path = TopNavigationStackView.swift; sourceTree = "<group>"; };
		1A87876C23C370D5006A99DD /* CardView.swift */ = {isa = PBXFileReference; lastKnownFileType = sourcecode.swift; path = CardView.swift; sourceTree = "<group>"; };
		1A87876F23C41146006A99DD /* User.swift */ = {isa = PBXFileReference; lastKnownFileType = sourcecode.swift; path = User.swift; sourceTree = "<group>"; };
		1A87877323C416B8006A99DD /* CardViewModel.swift */ = {isa = PBXFileReference; lastKnownFileType = sourcecode.swift; path = CardViewModel.swift; sourceTree = "<group>"; };
		1ADB991423C581E300CBE803 /* SettingsController.swift */ = {isa = PBXFileReference; lastKnownFileType = sourcecode.swift; path = SettingsController.swift; sourceTree = "<group>"; };
		1ADB991623C58A3E00CBE803 /* SettingsCell.swift */ = {isa = PBXFileReference; lastKnownFileType = sourcecode.swift; path = SettingsCell.swift; sourceTree = "<group>"; };
		1ADB991823C59DDA00CBE803 /* AgeRangeCell.swift */ = {isa = PBXFileReference; lastKnownFileType = sourcecode.swift; path = AgeRangeCell.swift; sourceTree = "<group>"; };
		1ADB995923C5BA0600CBE803 /* LoginController.swift */ = {isa = PBXFileReference; lastKnownFileType = sourcecode.swift; path = LoginController.swift; sourceTree = "<group>"; };
		1ADB995B23C5BA0F00CBE803 /* LoginViewModel.swift */ = {isa = PBXFileReference; lastKnownFileType = sourcecode.swift; path = LoginViewModel.swift; sourceTree = "<group>"; };
		1ADB995D23C5C13C00CBE803 /* Firebase+Utils.swift */ = {isa = PBXFileReference; lastKnownFileType = sourcecode.swift; path = "Firebase+Utils.swift"; sourceTree = "<group>"; };
		1AF2964F23BD838600A7FC7F /* KElonTinder.app */ = {isa = PBXFileReference; explicitFileType = wrapper.application; includeInIndex = 0; path = KElonTinder.app; sourceTree = BUILT_PRODUCTS_DIR; };
		1AF2965223BD838600A7FC7F /* AppDelegate.swift */ = {isa = PBXFileReference; lastKnownFileType = sourcecode.swift; path = AppDelegate.swift; sourceTree = "<group>"; };
		1AF2965423BD838600A7FC7F /* SceneDelegate.swift */ = {isa = PBXFileReference; lastKnownFileType = sourcecode.swift; path = SceneDelegate.swift; sourceTree = "<group>"; };
		1AF2965623BD838600A7FC7F /* HomeController.swift */ = {isa = PBXFileReference; lastKnownFileType = sourcecode.swift; path = HomeController.swift; sourceTree = "<group>"; };
		1AF2965923BD838600A7FC7F /* Base */ = {isa = PBXFileReference; lastKnownFileType = file.storyboard; name = Base; path = Base.lproj/Main.storyboard; sourceTree = "<group>"; };
		1AF2965B23BD838800A7FC7F /* Assets.xcassets */ = {isa = PBXFileReference; lastKnownFileType = folder.assetcatalog; path = Assets.xcassets; sourceTree = "<group>"; };
		1AF2965E23BD838800A7FC7F /* Base */ = {isa = PBXFileReference; lastKnownFileType = file.storyboard; name = Base; path = Base.lproj/LaunchScreen.storyboard; sourceTree = "<group>"; };
		1AF2966023BD838800A7FC7F /* Info.plist */ = {isa = PBXFileReference; lastKnownFileType = text.plist.xml; path = Info.plist; sourceTree = "<group>"; };
		1AF2966523BD838800A7FC7F /* KElonTinderTests.xctest */ = {isa = PBXFileReference; explicitFileType = wrapper.cfbundle; includeInIndex = 0; path = KElonTinderTests.xctest; sourceTree = BUILT_PRODUCTS_DIR; };
		1AF2966923BD838800A7FC7F /* KElonTinderTests.swift */ = {isa = PBXFileReference; lastKnownFileType = sourcecode.swift; path = KElonTinderTests.swift; sourceTree = "<group>"; };
		1AF2966B23BD838800A7FC7F /* Info.plist */ = {isa = PBXFileReference; lastKnownFileType = text.plist.xml; path = Info.plist; sourceTree = "<group>"; };
		1AF2967023BD838800A7FC7F /* KElonTinderUITests.xctest */ = {isa = PBXFileReference; explicitFileType = wrapper.cfbundle; includeInIndex = 0; path = KElonTinderUITests.xctest; sourceTree = BUILT_PRODUCTS_DIR; };
		1AF2967423BD838800A7FC7F /* KElonTinderUITests.swift */ = {isa = PBXFileReference; lastKnownFileType = sourcecode.swift; path = KElonTinderUITests.swift; sourceTree = "<group>"; };
		1AF2967623BD838800A7FC7F /* Info.plist */ = {isa = PBXFileReference; lastKnownFileType = text.plist.xml; path = Info.plist; sourceTree = "<group>"; };
		1AFB3D4C23C84A26009DF25F /* UserDetailsController.swift */ = {isa = PBXFileReference; lastKnownFileType = sourcecode.swift; path = UserDetailsController.swift; sourceTree = "<group>"; };
		1D2155D9EF03604AD547BAB0 /* Pods-KElonTinderTests.release.xcconfig */ = {isa = PBXFileReference; includeInIndex = 1; lastKnownFileType = text.xcconfig; name = "Pods-KElonTinderTests.release.xcconfig"; path = "Target Support Files/Pods-KElonTinderTests/Pods-KElonTinderTests.release.xcconfig"; sourceTree = "<group>"; };
		3FE5F75108393A8D217E9054 /* Pods_KElonTinderTests.framework */ = {isa = PBXFileReference; explicitFileType = wrapper.framework; includeInIndex = 0; path = Pods_KElonTinderTests.framework; sourceTree = BUILT_PRODUCTS_DIR; };
		404034AF47B16804AAA6B1E9 /* Pods-KElonTinder-KElonTinderUITests.release.xcconfig */ = {isa = PBXFileReference; includeInIndex = 1; lastKnownFileType = text.xcconfig; name = "Pods-KElonTinder-KElonTinderUITests.release.xcconfig"; path = "Target Support Files/Pods-KElonTinder-KElonTinderUITests/Pods-KElonTinder-KElonTinderUITests.release.xcconfig"; sourceTree = "<group>"; };
		42BC636D2407D30F23C228FC /* Pods-KElonTinder.debug.xcconfig */ = {isa = PBXFileReference; includeInIndex = 1; lastKnownFileType = text.xcconfig; name = "Pods-KElonTinder.debug.xcconfig"; path = "Target Support Files/Pods-KElonTinder/Pods-KElonTinder.debug.xcconfig"; sourceTree = "<group>"; };
		5A5B39814B6210EE35823409 /* Pods_KElonTinder.framework */ = {isa = PBXFileReference; explicitFileType = wrapper.framework; includeInIndex = 0; path = Pods_KElonTinder.framework; sourceTree = BUILT_PRODUCTS_DIR; };
		75AB6709AEE57F092483373F /* Pods-KElonTinderTests.debug.xcconfig */ = {isa = PBXFileReference; includeInIndex = 1; lastKnownFileType = text.xcconfig; name = "Pods-KElonTinderTests.debug.xcconfig"; path = "Target Support Files/Pods-KElonTinderTests/Pods-KElonTinderTests.debug.xcconfig"; sourceTree = "<group>"; };
		B2BF3373709A5A866FEB594D /* Pods-KElonTinder.release.xcconfig */ = {isa = PBXFileReference; includeInIndex = 1; lastKnownFileType = text.xcconfig; name = "Pods-KElonTinder.release.xcconfig"; path = "Target Support Files/Pods-KElonTinder/Pods-KElonTinder.release.xcconfig"; sourceTree = "<group>"; };
		CB4B5678F245E1C8619A7840 /* Pods-KElonTinder-KElonTinderUITests.debug.xcconfig */ = {isa = PBXFileReference; includeInIndex = 1; lastKnownFileType = text.xcconfig; name = "Pods-KElonTinder-KElonTinderUITests.debug.xcconfig"; path = "Target Support Files/Pods-KElonTinder-KElonTinderUITests/Pods-KElonTinder-KElonTinderUITests.debug.xcconfig"; sourceTree = "<group>"; };
		DE7312CF20506088344FDEBB /* Pods_KElonTinder_KElonTinderUITests.framework */ = {isa = PBXFileReference; explicitFileType = wrapper.framework; includeInIndex = 0; path = Pods_KElonTinder_KElonTinderUITests.framework; sourceTree = BUILT_PRODUCTS_DIR; };
/* End PBXFileReference section */

/* Begin PBXFrameworksBuildPhase section */
		1AF2964C23BD838600A7FC7F /* Frameworks */ = {
			isa = PBXFrameworksBuildPhase;
			buildActionMask = 2147483647;
			files = (
				32B44DAFCDB8F99F1829987D /* Pods_KElonTinder.framework in Frameworks */,
			);
			runOnlyForDeploymentPostprocessing = 0;
		};
		1AF2966223BD838800A7FC7F /* Frameworks */ = {
			isa = PBXFrameworksBuildPhase;
			buildActionMask = 2147483647;
			files = (
				FBC7C2FE0982A4FACC80BDD4 /* Pods_KElonTinderTests.framework in Frameworks */,
			);
			runOnlyForDeploymentPostprocessing = 0;
		};
		1AF2966D23BD838800A7FC7F /* Frameworks */ = {
			isa = PBXFrameworksBuildPhase;
			buildActionMask = 2147483647;
			files = (
				D03E18D8C6A764EEAA9D7C24 /* Pods_KElonTinder_KElonTinderUITests.framework in Frameworks */,
			);
			runOnlyForDeploymentPostprocessing = 0;
		};
/* End PBXFrameworksBuildPhase section */

/* Begin PBXGroup section */
		1A87876423C32B94006A99DD /* Extensions */ = {
			isa = PBXGroup;
			children = (
				1A87876523C32B9F006A99DD /* Extensions.swift */,
				1ADB995D23C5C13C00CBE803 /* Firebase+Utils.swift */,
			);
			path = Extensions;
			sourceTree = "<group>";
		};
		1A87876723C331AF006A99DD /* Views */ = {
			isa = PBXGroup;
			children = (
				1A87876823C331D9006A99DD /* HomeBottomControlsStackView.swift */,
				1A87876A23C33575006A99DD /* TopNavigationStackView.swift */,
				1A87876C23C370D5006A99DD /* CardView.swift */,
				1A58A9EE23C454D2002D40E1 /* CustomTextField.swift */,
				1ADB991623C58A3E00CBE803 /* SettingsCell.swift */,
				1ADB991823C59DDA00CBE803 /* AgeRangeCell.swift */,
			);
			path = Views;
			sourceTree = "<group>";
		};
		1A87876E23C4113D006A99DD /* Model */ = {
			isa = PBXGroup;
			children = (
				1A87876F23C41146006A99DD /* User.swift */,
				1A58A9EA23C42397002D40E1 /* Advertiser.swift */,
			);
			name = Model;
			sourceTree = "<group>";
		};
		1A87877123C41630006A99DD /* Controller */ = {
			isa = PBXGroup;
			children = (
				1AFB3D4B23C84A12009DF25F /* User Details */,
				1ADB995823C5B9F800CBE803 /* Login */,
				1AF2965623BD838600A7FC7F /* HomeController.swift */,
				1A58A9EC23C44FD2002D40E1 /* RegistrationController.swift */,
				1ADB991423C581E300CBE803 /* SettingsController.swift */,
			);
			path = Controller;
			sourceTree = "<group>";
		};
		1A87877223C416A5006A99DD /* ViewModels */ = {
			isa = PBXGroup;
			children = (
				1A533B7D23C496D200A6DF35 /* Bindable.swift */,
				1A87877323C416B8006A99DD /* CardViewModel.swift */,
				1A58A9F023C46403002D40E1 /* RegistrationViewModel.swift */,
			);
			path = ViewModels;
			sourceTree = "<group>";
		};
		1ADB995823C5B9F800CBE803 /* Login */ = {
			isa = PBXGroup;
			children = (
				1ADB995923C5BA0600CBE803 /* LoginController.swift */,
				1ADB995B23C5BA0F00CBE803 /* LoginViewModel.swift */,
			);
			path = Login;
			sourceTree = "<group>";
		};
		1AF2964623BD838600A7FC7F = {
			isa = PBXGroup;
			children = (
				1AF2965123BD838600A7FC7F /* KElonTinder */,
				1AF2966823BD838800A7FC7F /* KElonTinderTests */,
				1AF2967323BD838800A7FC7F /* KElonTinderUITests */,
				1AF2965023BD838600A7FC7F /* Products */,
				538F8F6866A9936542F6D391 /* Pods */,
				FAA39D96CB285E99F14723E1 /* Frameworks */,
			);
			sourceTree = "<group>";
		};
		1AF2965023BD838600A7FC7F /* Products */ = {
			isa = PBXGroup;
			children = (
				1AF2964F23BD838600A7FC7F /* KElonTinder.app */,
				1AF2966523BD838800A7FC7F /* KElonTinderTests.xctest */,
				1AF2967023BD838800A7FC7F /* KElonTinderUITests.xctest */,
			);
			name = Products;
			sourceTree = "<group>";
		};
		1AF2965123BD838600A7FC7F /* KElonTinder */ = {
			isa = PBXGroup;
			children = (
				1A87877223C416A5006A99DD /* ViewModels */,
				1A87876E23C4113D006A99DD /* Model */,
				1A87876723C331AF006A99DD /* Views */,
				1A87877123C41630006A99DD /* Controller */,
				1A87876423C32B94006A99DD /* Extensions */,
				1AF2965223BD838600A7FC7F /* AppDelegate.swift */,
				1AF2965423BD838600A7FC7F /* SceneDelegate.swift */,
				1AF2965823BD838600A7FC7F /* Main.storyboard */,
				1AF2965B23BD838800A7FC7F /* Assets.xcassets */,
				1AF2965D23BD838800A7FC7F /* LaunchScreen.storyboard */,
				1AF2966023BD838800A7FC7F /* Info.plist */,
				1A533B7B23C4702300A6DF35 /* GoogleService-Info.plist */,
			);
			path = KElonTinder;
			sourceTree = "<group>";
		};
		1AF2966823BD838800A7FC7F /* KElonTinderTests */ = {
			isa = PBXGroup;
			children = (
				1AF2966923BD838800A7FC7F /* KElonTinderTests.swift */,
				1AF2966B23BD838800A7FC7F /* Info.plist */,
			);
			path = KElonTinderTests;
			sourceTree = "<group>";
		};
		1AF2967323BD838800A7FC7F /* KElonTinderUITests */ = {
			isa = PBXGroup;
			children = (
				1AF2967423BD838800A7FC7F /* KElonTinderUITests.swift */,
				1AF2967623BD838800A7FC7F /* Info.plist */,
			);
			path = KElonTinderUITests;
			sourceTree = "<group>";
		};
		1AFB3D4B23C84A12009DF25F /* User Details */ = {
			isa = PBXGroup;
			children = (
				1AFB3D4C23C84A26009DF25F /* UserDetailsController.swift */,
			);
			path = "User Details";
			sourceTree = "<group>";
		};
		538F8F6866A9936542F6D391 /* Pods */ = {
			isa = PBXGroup;
			children = (
				42BC636D2407D30F23C228FC /* Pods-KElonTinder.debug.xcconfig */,
				B2BF3373709A5A866FEB594D /* Pods-KElonTinder.release.xcconfig */,
				CB4B5678F245E1C8619A7840 /* Pods-KElonTinder-KElonTinderUITests.debug.xcconfig */,
				404034AF47B16804AAA6B1E9 /* Pods-KElonTinder-KElonTinderUITests.release.xcconfig */,
				75AB6709AEE57F092483373F /* Pods-KElonTinderTests.debug.xcconfig */,
				1D2155D9EF03604AD547BAB0 /* Pods-KElonTinderTests.release.xcconfig */,
			);
			path = Pods;
			sourceTree = "<group>";
		};
		FAA39D96CB285E99F14723E1 /* Frameworks */ = {
			isa = PBXGroup;
			children = (
				5A5B39814B6210EE35823409 /* Pods_KElonTinder.framework */,
				DE7312CF20506088344FDEBB /* Pods_KElonTinder_KElonTinderUITests.framework */,
				3FE5F75108393A8D217E9054 /* Pods_KElonTinderTests.framework */,
			);
			name = Frameworks;
			sourceTree = "<group>";
		};
/* End PBXGroup section */

/* Begin PBXNativeTarget section */
		1AF2964E23BD838600A7FC7F /* KElonTinder */ = {
			isa = PBXNativeTarget;
			buildConfigurationList = 1AF2967923BD838800A7FC7F /* Build configuration list for PBXNativeTarget "KElonTinder" */;
			buildPhases = (
				7F7918A3740A795823D6789E /* [CP] Check Pods Manifest.lock */,
				1AF2964B23BD838600A7FC7F /* Sources */,
				1AF2964C23BD838600A7FC7F /* Frameworks */,
				1AF2964D23BD838600A7FC7F /* Resources */,
				E7118F55915A12E68F54BBCA /* [CP] Embed Pods Frameworks */,
			);
			buildRules = (
			);
			dependencies = (
			);
			name = KElonTinder;
			productName = KElonTinder;
			productReference = 1AF2964F23BD838600A7FC7F /* KElonTinder.app */;
			productType = "com.apple.product-type.application";
		};
		1AF2966423BD838800A7FC7F /* KElonTinderTests */ = {
			isa = PBXNativeTarget;
			buildConfigurationList = 1AF2967C23BD838800A7FC7F /* Build configuration list for PBXNativeTarget "KElonTinderTests" */;
			buildPhases = (
				54028A3C37FA88AFFDA3038B /* [CP] Check Pods Manifest.lock */,
				1AF2966123BD838800A7FC7F /* Sources */,
				1AF2966223BD838800A7FC7F /* Frameworks */,
				1AF2966323BD838800A7FC7F /* Resources */,
			);
			buildRules = (
			);
			dependencies = (
				1AF2966723BD838800A7FC7F /* PBXTargetDependency */,
			);
			name = KElonTinderTests;
			productName = KElonTinderTests;
			productReference = 1AF2966523BD838800A7FC7F /* KElonTinderTests.xctest */;
			productType = "com.apple.product-type.bundle.unit-test";
		};
		1AF2966F23BD838800A7FC7F /* KElonTinderUITests */ = {
			isa = PBXNativeTarget;
			buildConfigurationList = 1AF2967F23BD838800A7FC7F /* Build configuration list for PBXNativeTarget "KElonTinderUITests" */;
			buildPhases = (
				A685C831851C36814AD43CAD /* [CP] Check Pods Manifest.lock */,
				1AF2966C23BD838800A7FC7F /* Sources */,
				1AF2966D23BD838800A7FC7F /* Frameworks */,
				1AF2966E23BD838800A7FC7F /* Resources */,
				31EB6B33DBB94F9B7EDE2641 /* [CP] Embed Pods Frameworks */,
			);
			buildRules = (
			);
			dependencies = (
				1AF2967223BD838800A7FC7F /* PBXTargetDependency */,
			);
			name = KElonTinderUITests;
			productName = KElonTinderUITests;
			productReference = 1AF2967023BD838800A7FC7F /* KElonTinderUITests.xctest */;
			productType = "com.apple.product-type.bundle.ui-testing";
		};
/* End PBXNativeTarget section */

/* Begin PBXProject section */
		1AF2964723BD838600A7FC7F /* Project object */ = {
			isa = PBXProject;
			attributes = {
				LastSwiftUpdateCheck = 1110;
				LastUpgradeCheck = 1110;
				ORGANIZATIONNAME = "최민섭";
				TargetAttributes = {
					1AF2964E23BD838600A7FC7F = {
						CreatedOnToolsVersion = 11.1;
					};
					1AF2966423BD838800A7FC7F = {
						CreatedOnToolsVersion = 11.1;
						TestTargetID = 1AF2964E23BD838600A7FC7F;
					};
					1AF2966F23BD838800A7FC7F = {
						CreatedOnToolsVersion = 11.1;
						TestTargetID = 1AF2964E23BD838600A7FC7F;
					};
				};
			};
			buildConfigurationList = 1AF2964A23BD838600A7FC7F /* Build configuration list for PBXProject "KElonTinder" */;
			compatibilityVersion = "Xcode 9.3";
			developmentRegion = en;
			hasScannedForEncodings = 0;
			knownRegions = (
				en,
				Base,
			);
			mainGroup = 1AF2964623BD838600A7FC7F;
			productRefGroup = 1AF2965023BD838600A7FC7F /* Products */;
			projectDirPath = "";
			projectRoot = "";
			targets = (
				1AF2964E23BD838600A7FC7F /* KElonTinder */,
				1AF2966423BD838800A7FC7F /* KElonTinderTests */,
				1AF2966F23BD838800A7FC7F /* KElonTinderUITests */,
			);
		};
/* End PBXProject section */

/* Begin PBXResourcesBuildPhase section */
		1AF2964D23BD838600A7FC7F /* Resources */ = {
			isa = PBXResourcesBuildPhase;
			buildActionMask = 2147483647;
			files = (
				1AF2965F23BD838800A7FC7F /* LaunchScreen.storyboard in Resources */,
				1A533B7C23C4702300A6DF35 /* GoogleService-Info.plist in Resources */,
				1AF2965C23BD838800A7FC7F /* Assets.xcassets in Resources */,
				1AF2965A23BD838600A7FC7F /* Main.storyboard in Resources */,
			);
			runOnlyForDeploymentPostprocessing = 0;
		};
		1AF2966323BD838800A7FC7F /* Resources */ = {
			isa = PBXResourcesBuildPhase;
			buildActionMask = 2147483647;
			files = (
			);
			runOnlyForDeploymentPostprocessing = 0;
		};
		1AF2966E23BD838800A7FC7F /* Resources */ = {
			isa = PBXResourcesBuildPhase;
			buildActionMask = 2147483647;
			files = (
			);
			runOnlyForDeploymentPostprocessing = 0;
		};
/* End PBXResourcesBuildPhase section */

/* Begin PBXShellScriptBuildPhase section */
		31EB6B33DBB94F9B7EDE2641 /* [CP] Embed Pods Frameworks */ = {
			isa = PBXShellScriptBuildPhase;
			buildActionMask = 2147483647;
			files = (
			);
			inputFileListPaths = (
				"${PODS_ROOT}/Target Support Files/Pods-KElonTinder-KElonTinderUITests/Pods-KElonTinder-KElonTinderUITests-frameworks-${CONFIGURATION}-input-files.xcfilelist",
			);
			name = "[CP] Embed Pods Frameworks";
			outputFileListPaths = (
				"${PODS_ROOT}/Target Support Files/Pods-KElonTinder-KElonTinderUITests/Pods-KElonTinder-KElonTinderUITests-frameworks-${CONFIGURATION}-output-files.xcfilelist",
			);
			runOnlyForDeploymentPostprocessing = 0;
			shellPath = /bin/sh;
			shellScript = "\"${PODS_ROOT}/Target Support Files/Pods-KElonTinder-KElonTinderUITests/Pods-KElonTinder-KElonTinderUITests-frameworks.sh\"\n";
			showEnvVarsInLog = 0;
		};
		54028A3C37FA88AFFDA3038B /* [CP] Check Pods Manifest.lock */ = {
			isa = PBXShellScriptBuildPhase;
			buildActionMask = 2147483647;
			files = (
			);
			inputFileListPaths = (
			);
			inputPaths = (
				"${PODS_PODFILE_DIR_PATH}/Podfile.lock",
				"${PODS_ROOT}/Manifest.lock",
			);
			name = "[CP] Check Pods Manifest.lock";
			outputFileListPaths = (
			);
			outputPaths = (
				"$(DERIVED_FILE_DIR)/Pods-KElonTinderTests-checkManifestLockResult.txt",
			);
			runOnlyForDeploymentPostprocessing = 0;
			shellPath = /bin/sh;
			shellScript = "diff \"${PODS_PODFILE_DIR_PATH}/Podfile.lock\" \"${PODS_ROOT}/Manifest.lock\" > /dev/null\nif [ $? != 0 ] ; then\n    # print error to STDERR\n    echo \"error: The sandbox is not in sync with the Podfile.lock. Run 'pod install' or update your CocoaPods installation.\" >&2\n    exit 1\nfi\n# This output is used by Xcode 'outputs' to avoid re-running this script phase.\necho \"SUCCESS\" > \"${SCRIPT_OUTPUT_FILE_0}\"\n";
			showEnvVarsInLog = 0;
		};
		7F7918A3740A795823D6789E /* [CP] Check Pods Manifest.lock */ = {
			isa = PBXShellScriptBuildPhase;
			buildActionMask = 2147483647;
			files = (
			);
			inputFileListPaths = (
			);
			inputPaths = (
				"${PODS_PODFILE_DIR_PATH}/Podfile.lock",
				"${PODS_ROOT}/Manifest.lock",
			);
			name = "[CP] Check Pods Manifest.lock";
			outputFileListPaths = (
			);
			outputPaths = (
				"$(DERIVED_FILE_DIR)/Pods-KElonTinder-checkManifestLockResult.txt",
			);
			runOnlyForDeploymentPostprocessing = 0;
			shellPath = /bin/sh;
			shellScript = "diff \"${PODS_PODFILE_DIR_PATH}/Podfile.lock\" \"${PODS_ROOT}/Manifest.lock\" > /dev/null\nif [ $? != 0 ] ; then\n    # print error to STDERR\n    echo \"error: The sandbox is not in sync with the Podfile.lock. Run 'pod install' or update your CocoaPods installation.\" >&2\n    exit 1\nfi\n# This output is used by Xcode 'outputs' to avoid re-running this script phase.\necho \"SUCCESS\" > \"${SCRIPT_OUTPUT_FILE_0}\"\n";
			showEnvVarsInLog = 0;
		};
		A685C831851C36814AD43CAD /* [CP] Check Pods Manifest.lock */ = {
			isa = PBXShellScriptBuildPhase;
			buildActionMask = 2147483647;
			files = (
			);
			inputFileListPaths = (
			);
			inputPaths = (
				"${PODS_PODFILE_DIR_PATH}/Podfile.lock",
				"${PODS_ROOT}/Manifest.lock",
			);
			name = "[CP] Check Pods Manifest.lock";
			outputFileListPaths = (
			);
			outputPaths = (
				"$(DERIVED_FILE_DIR)/Pods-KElonTinder-KElonTinderUITests-checkManifestLockResult.txt",
			);
			runOnlyForDeploymentPostprocessing = 0;
			shellPath = /bin/sh;
			shellScript = "diff \"${PODS_PODFILE_DIR_PATH}/Podfile.lock\" \"${PODS_ROOT}/Manifest.lock\" > /dev/null\nif [ $? != 0 ] ; then\n    # print error to STDERR\n    echo \"error: The sandbox is not in sync with the Podfile.lock. Run 'pod install' or update your CocoaPods installation.\" >&2\n    exit 1\nfi\n# This output is used by Xcode 'outputs' to avoid re-running this script phase.\necho \"SUCCESS\" > \"${SCRIPT_OUTPUT_FILE_0}\"\n";
			showEnvVarsInLog = 0;
		};
		E7118F55915A12E68F54BBCA /* [CP] Embed Pods Frameworks */ = {
			isa = PBXShellScriptBuildPhase;
			buildActionMask = 2147483647;
			files = (
			);
			inputFileListPaths = (
				"${PODS_ROOT}/Target Support Files/Pods-KElonTinder/Pods-KElonTinder-frameworks-${CONFIGURATION}-input-files.xcfilelist",
			);
			name = "[CP] Embed Pods Frameworks";
			outputFileListPaths = (
				"${PODS_ROOT}/Target Support Files/Pods-KElonTinder/Pods-KElonTinder-frameworks-${CONFIGURATION}-output-files.xcfilelist",
			);
			runOnlyForDeploymentPostprocessing = 0;
			shellPath = /bin/sh;
			shellScript = "\"${PODS_ROOT}/Target Support Files/Pods-KElonTinder/Pods-KElonTinder-frameworks.sh\"\n";
			showEnvVarsInLog = 0;
		};
/* End PBXShellScriptBuildPhase section */

/* Begin PBXSourcesBuildPhase section */
		1AF2964B23BD838600A7FC7F /* Sources */ = {
			isa = PBXSourcesBuildPhase;
			buildActionMask = 2147483647;
			files = (
				1ADB995E23C5C13C00CBE803 /* Firebase+Utils.swift in Sources */,
				1A58A9EB23C42397002D40E1 /* Advertiser.swift in Sources */,
				1A87876D23C370D5006A99DD /* CardView.swift in Sources */,
				1AF2965723BD838600A7FC7F /* HomeController.swift in Sources */,
				1AF2965323BD838600A7FC7F /* AppDelegate.swift in Sources */,
				1A87876923C331D9006A99DD /* HomeBottomControlsStackView.swift in Sources */,
				1ADB991923C59DDA00CBE803 /* AgeRangeCell.swift in Sources */,
				1AFB3D4D23C84A26009DF25F /* UserDetailsController.swift in Sources */,
				1A87877023C41146006A99DD /* User.swift in Sources */,
				1ADB991523C581E300CBE803 /* SettingsController.swift in Sources */,
				1A58A9ED23C44FD2002D40E1 /* RegistrationController.swift in Sources */,
				1A87876B23C33575006A99DD /* TopNavigationStackView.swift in Sources */,
				1A533B7E23C496D200A6DF35 /* Bindable.swift in Sources */,
				1A58A9EF23C454D2002D40E1 /* CustomTextField.swift in Sources */,
				1A58A9F123C46403002D40E1 /* RegistrationViewModel.swift in Sources */,
				1ADB995A23C5BA0600CBE803 /* LoginController.swift in Sources */,
				1AF2965523BD838600A7FC7F /* SceneDelegate.swift in Sources */,
				1A87876623C32B9F006A99DD /* Extensions.swift in Sources */,
				1ADB991723C58A3E00CBE803 /* SettingsCell.swift in Sources */,
				1ADB995C23C5BA0F00CBE803 /* LoginViewModel.swift in Sources */,
				1A87877423C416B8006A99DD /* CardViewModel.swift in Sources */,
			);
			runOnlyForDeploymentPostprocessing = 0;
		};
		1AF2966123BD838800A7FC7F /* Sources */ = {
			isa = PBXSourcesBuildPhase;
			buildActionMask = 2147483647;
			files = (
				1AF2966A23BD838800A7FC7F /* KElonTinderTests.swift in Sources */,
			);
			runOnlyForDeploymentPostprocessing = 0;
		};
		1AF2966C23BD838800A7FC7F /* Sources */ = {
			isa = PBXSourcesBuildPhase;
			buildActionMask = 2147483647;
			files = (
				1AF2967523BD838800A7FC7F /* KElonTinderUITests.swift in Sources */,
			);
			runOnlyForDeploymentPostprocessing = 0;
		};
/* End PBXSourcesBuildPhase section */

/* Begin PBXTargetDependency section */
		1AF2966723BD838800A7FC7F /* PBXTargetDependency */ = {
			isa = PBXTargetDependency;
			target = 1AF2964E23BD838600A7FC7F /* KElonTinder */;
			targetProxy = 1AF2966623BD838800A7FC7F /* PBXContainerItemProxy */;
		};
		1AF2967223BD838800A7FC7F /* PBXTargetDependency */ = {
			isa = PBXTargetDependency;
			target = 1AF2964E23BD838600A7FC7F /* KElonTinder */;
			targetProxy = 1AF2967123BD838800A7FC7F /* PBXContainerItemProxy */;
		};
/* End PBXTargetDependency section */

/* Begin PBXVariantGroup section */
		1AF2965823BD838600A7FC7F /* Main.storyboard */ = {
			isa = PBXVariantGroup;
			children = (
				1AF2965923BD838600A7FC7F /* Base */,
			);
			name = Main.storyboard;
			sourceTree = "<group>";
		};
		1AF2965D23BD838800A7FC7F /* LaunchScreen.storyboard */ = {
			isa = PBXVariantGroup;
			children = (
				1AF2965E23BD838800A7FC7F /* Base */,
			);
			name = LaunchScreen.storyboard;
			sourceTree = "<group>";
		};
/* End PBXVariantGroup section */

/* Begin XCBuildConfiguration section */
		1AF2967723BD838800A7FC7F /* Debug */ = {
			isa = XCBuildConfiguration;
			buildSettings = {
				ALWAYS_SEARCH_USER_PATHS = NO;
				CLANG_ANALYZER_NONNULL = YES;
				CLANG_ANALYZER_NUMBER_OBJECT_CONVERSION = YES_AGGRESSIVE;
				CLANG_CXX_LANGUAGE_STANDARD = "gnu++14";
				CLANG_CXX_LIBRARY = "libc++";
				CLANG_ENABLE_MODULES = YES;
				CLANG_ENABLE_OBJC_ARC = YES;
				CLANG_ENABLE_OBJC_WEAK = YES;
				CLANG_WARN_BLOCK_CAPTURE_AUTORELEASING = YES;
				CLANG_WARN_BOOL_CONVERSION = YES;
				CLANG_WARN_COMMA = YES;
				CLANG_WARN_CONSTANT_CONVERSION = YES;
				CLANG_WARN_DEPRECATED_OBJC_IMPLEMENTATIONS = YES;
				CLANG_WARN_DIRECT_OBJC_ISA_USAGE = YES_ERROR;
				CLANG_WARN_DOCUMENTATION_COMMENTS = YES;
				CLANG_WARN_EMPTY_BODY = YES;
				CLANG_WARN_ENUM_CONVERSION = YES;
				CLANG_WARN_INFINITE_RECURSION = YES;
				CLANG_WARN_INT_CONVERSION = YES;
				CLANG_WARN_NON_LITERAL_NULL_CONVERSION = YES;
				CLANG_WARN_OBJC_IMPLICIT_RETAIN_SELF = YES;
				CLANG_WARN_OBJC_LITERAL_CONVERSION = YES;
				CLANG_WARN_OBJC_ROOT_CLASS = YES_ERROR;
				CLANG_WARN_RANGE_LOOP_ANALYSIS = YES;
				CLANG_WARN_STRICT_PROTOTYPES = YES;
				CLANG_WARN_SUSPICIOUS_MOVE = YES;
				CLANG_WARN_UNGUARDED_AVAILABILITY = YES_AGGRESSIVE;
				CLANG_WARN_UNREACHABLE_CODE = YES;
				CLANG_WARN__DUPLICATE_METHOD_MATCH = YES;
				COPY_PHASE_STRIP = NO;
				DEBUG_INFORMATION_FORMAT = dwarf;
				ENABLE_STRICT_OBJC_MSGSEND = YES;
				ENABLE_TESTABILITY = YES;
				GCC_C_LANGUAGE_STANDARD = gnu11;
				GCC_DYNAMIC_NO_PIC = NO;
				GCC_NO_COMMON_BLOCKS = YES;
				GCC_OPTIMIZATION_LEVEL = 0;
				GCC_PREPROCESSOR_DEFINITIONS = (
					"DEBUG=1",
					"$(inherited)",
				);
				GCC_WARN_64_TO_32_BIT_CONVERSION = YES;
				GCC_WARN_ABOUT_RETURN_TYPE = YES_ERROR;
				GCC_WARN_UNDECLARED_SELECTOR = YES;
				GCC_WARN_UNINITIALIZED_AUTOS = YES_AGGRESSIVE;
				GCC_WARN_UNUSED_FUNCTION = YES;
				GCC_WARN_UNUSED_VARIABLE = YES;
				IPHONEOS_DEPLOYMENT_TARGET = 11.0;
				MTL_ENABLE_DEBUG_INFO = INCLUDE_SOURCE;
				MTL_FAST_MATH = YES;
				ONLY_ACTIVE_ARCH = YES;
				SDKROOT = iphoneos;
				SWIFT_ACTIVE_COMPILATION_CONDITIONS = DEBUG;
				SWIFT_OPTIMIZATION_LEVEL = "-Onone";
			};
			name = Debug;
		};
		1AF2967823BD838800A7FC7F /* Release */ = {
			isa = XCBuildConfiguration;
			buildSettings = {
				ALWAYS_SEARCH_USER_PATHS = NO;
				CLANG_ANALYZER_NONNULL = YES;
				CLANG_ANALYZER_NUMBER_OBJECT_CONVERSION = YES_AGGRESSIVE;
				CLANG_CXX_LANGUAGE_STANDARD = "gnu++14";
				CLANG_CXX_LIBRARY = "libc++";
				CLANG_ENABLE_MODULES = YES;
				CLANG_ENABLE_OBJC_ARC = YES;
				CLANG_ENABLE_OBJC_WEAK = YES;
				CLANG_WARN_BLOCK_CAPTURE_AUTORELEASING = YES;
				CLANG_WARN_BOOL_CONVERSION = YES;
				CLANG_WARN_COMMA = YES;
				CLANG_WARN_CONSTANT_CONVERSION = YES;
				CLANG_WARN_DEPRECATED_OBJC_IMPLEMENTATIONS = YES;
				CLANG_WARN_DIRECT_OBJC_ISA_USAGE = YES_ERROR;
				CLANG_WARN_DOCUMENTATION_COMMENTS = YES;
				CLANG_WARN_EMPTY_BODY = YES;
				CLANG_WARN_ENUM_CONVERSION = YES;
				CLANG_WARN_INFINITE_RECURSION = YES;
				CLANG_WARN_INT_CONVERSION = YES;
				CLANG_WARN_NON_LITERAL_NULL_CONVERSION = YES;
				CLANG_WARN_OBJC_IMPLICIT_RETAIN_SELF = YES;
				CLANG_WARN_OBJC_LITERAL_CONVERSION = YES;
				CLANG_WARN_OBJC_ROOT_CLASS = YES_ERROR;
				CLANG_WARN_RANGE_LOOP_ANALYSIS = YES;
				CLANG_WARN_STRICT_PROTOTYPES = YES;
				CLANG_WARN_SUSPICIOUS_MOVE = YES;
				CLANG_WARN_UNGUARDED_AVAILABILITY = YES_AGGRESSIVE;
				CLANG_WARN_UNREACHABLE_CODE = YES;
				CLANG_WARN__DUPLICATE_METHOD_MATCH = YES;
				COPY_PHASE_STRIP = NO;
				DEBUG_INFORMATION_FORMAT = "dwarf-with-dsym";
				ENABLE_NS_ASSERTIONS = NO;
				ENABLE_STRICT_OBJC_MSGSEND = YES;
				GCC_C_LANGUAGE_STANDARD = gnu11;
				GCC_NO_COMMON_BLOCKS = YES;
				GCC_WARN_64_TO_32_BIT_CONVERSION = YES;
				GCC_WARN_ABOUT_RETURN_TYPE = YES_ERROR;
				GCC_WARN_UNDECLARED_SELECTOR = YES;
				GCC_WARN_UNINITIALIZED_AUTOS = YES_AGGRESSIVE;
				GCC_WARN_UNUSED_FUNCTION = YES;
				GCC_WARN_UNUSED_VARIABLE = YES;
				IPHONEOS_DEPLOYMENT_TARGET = 11.0;
				MTL_ENABLE_DEBUG_INFO = NO;
				MTL_FAST_MATH = YES;
				SDKROOT = iphoneos;
				SWIFT_COMPILATION_MODE = wholemodule;
				SWIFT_OPTIMIZATION_LEVEL = "-O";
				VALIDATE_PRODUCT = YES;
			};
			name = Release;
		};
		1AF2967A23BD838800A7FC7F /* Debug */ = {
			isa = XCBuildConfiguration;
			baseConfigurationReference = 42BC636D2407D30F23C228FC /* Pods-KElonTinder.debug.xcconfig */;
			buildSettings = {
				ASSETCATALOG_COMPILER_APPICON_NAME = AppIcon;
				CODE_SIGN_STYLE = Automatic;
				DEVELOPMENT_TEAM = CJ9DCX3V4H;
				INFOPLIST_FILE = KElonTinder/Info.plist;
				LD_RUNPATH_SEARCH_PATHS = (
					"$(inherited)",
					"@executable_path/Frameworks",
				);
				PRODUCT_BUNDLE_IDENTIFIER = com.kelon.KElonTinder;
				PRODUCT_NAME = "$(TARGET_NAME)";
				SWIFT_VERSION = 5.0;
				TARGETED_DEVICE_FAMILY = 1;
			};
			name = Debug;
		};
		1AF2967B23BD838800A7FC7F /* Release */ = {
			isa = XCBuildConfiguration;
			baseConfigurationReference = B2BF3373709A5A866FEB594D /* Pods-KElonTinder.release.xcconfig */;
			buildSettings = {
				ASSETCATALOG_COMPILER_APPICON_NAME = AppIcon;
				CODE_SIGN_STYLE = Automatic;
				DEVELOPMENT_TEAM = CJ9DCX3V4H;
				INFOPLIST_FILE = KElonTinder/Info.plist;
				LD_RUNPATH_SEARCH_PATHS = (
					"$(inherited)",
					"@executable_path/Frameworks",
				);
				PRODUCT_BUNDLE_IDENTIFIER = com.kelon.KElonTinder;
				PRODUCT_NAME = "$(TARGET_NAME)";
				SWIFT_VERSION = 5.0;
				TARGETED_DEVICE_FAMILY = 1;
			};
			name = Release;
		};
		1AF2967D23BD838800A7FC7F /* Debug */ = {
			isa = XCBuildConfiguration;
			baseConfigurationReference = 75AB6709AEE57F092483373F /* Pods-KElonTinderTests.debug.xcconfig */;
			buildSettings = {
				ALWAYS_EMBED_SWIFT_STANDARD_LIBRARIES = YES;
				BUNDLE_LOADER = "$(TEST_HOST)";
				CODE_SIGN_STYLE = Automatic;
				DEVELOPMENT_TEAM = CJ9DCX3V4H;
				INFOPLIST_FILE = KElonTinderTests/Info.plist;
				IPHONEOS_DEPLOYMENT_TARGET = 13.1;
				LD_RUNPATH_SEARCH_PATHS = (
					"$(inherited)",
					"@executable_path/Frameworks",
					"@loader_path/Frameworks",
				);
				PRODUCT_BUNDLE_IDENTIFIER = k.elon.KElonTinderTests;
				PRODUCT_NAME = "$(TARGET_NAME)";
				SWIFT_VERSION = 5.0;
				TARGETED_DEVICE_FAMILY = "1,2";
				TEST_HOST = "$(BUILT_PRODUCTS_DIR)/KElonTinder.app/KElonTinder";
			};
			name = Debug;
		};
		1AF2967E23BD838800A7FC7F /* Release */ = {
			isa = XCBuildConfiguration;
			baseConfigurationReference = 1D2155D9EF03604AD547BAB0 /* Pods-KElonTinderTests.release.xcconfig */;
			buildSettings = {
				ALWAYS_EMBED_SWIFT_STANDARD_LIBRARIES = YES;
				BUNDLE_LOADER = "$(TEST_HOST)";
				CODE_SIGN_STYLE = Automatic;
				DEVELOPMENT_TEAM = CJ9DCX3V4H;
				INFOPLIST_FILE = KElonTinderTests/Info.plist;
				IPHONEOS_DEPLOYMENT_TARGET = 13.1;
				LD_RUNPATH_SEARCH_PATHS = (
					"$(inherited)",
					"@executable_path/Frameworks",
					"@loader_path/Frameworks",
				);
				PRODUCT_BUNDLE_IDENTIFIER = k.elon.KElonTinderTests;
				PRODUCT_NAME = "$(TARGET_NAME)";
				SWIFT_VERSION = 5.0;
				TARGETED_DEVICE_FAMILY = "1,2";
				TEST_HOST = "$(BUILT_PRODUCTS_DIR)/KElonTinder.app/KElonTinder";
			};
			name = Release;
		};
		1AF2968023BD838800A7FC7F /* Debug */ = {
			isa = XCBuildConfiguration;
			baseConfigurationReference = CB4B5678F245E1C8619A7840 /* Pods-KElonTinder-KElonTinderUITests.debug.xcconfig */;
			buildSettings = {
				ALWAYS_EMBED_SWIFT_STANDARD_LIBRARIES = YES;
				CODE_SIGN_STYLE = Automatic;
				DEVELOPMENT_TEAM = CJ9DCX3V4H;
				INFOPLIST_FILE = KElonTinderUITests/Info.plist;
				LD_RUNPATH_SEARCH_PATHS = (
					"$(inherited)",
					"@executable_path/Frameworks",
					"@loader_path/Frameworks",
				);
				PRODUCT_BUNDLE_IDENTIFIER = k.elon.KElonTinderUITests;
				PRODUCT_NAME = "$(TARGET_NAME)";
				SWIFT_VERSION = 5.0;
				TARGETED_DEVICE_FAMILY = "1,2";
				TEST_TARGET_NAME = KElonTinder;
			};
			name = Debug;
		};
		1AF2968123BD838800A7FC7F /* Release */ = {
			isa = XCBuildConfiguration;
			baseConfigurationReference = 404034AF47B16804AAA6B1E9 /* Pods-KElonTinder-KElonTinderUITests.release.xcconfig */;
			buildSettings = {
				ALWAYS_EMBED_SWIFT_STANDARD_LIBRARIES = YES;
				CODE_SIGN_STYLE = Automatic;
				DEVELOPMENT_TEAM = CJ9DCX3V4H;
				INFOPLIST_FILE = KElonTinderUITests/Info.plist;
				LD_RUNPATH_SEARCH_PATHS = (
					"$(inherited)",
					"@executable_path/Frameworks",
					"@loader_path/Frameworks",
				);
				PRODUCT_BUNDLE_IDENTIFIER = k.elon.KElonTinderUITests;
				PRODUCT_NAME = "$(TARGET_NAME)";
				SWIFT_VERSION = 5.0;
				TARGETED_DEVICE_FAMILY = "1,2";
				TEST_TARGET_NAME = KElonTinder;
			};
			name = Release;
		};
/* End XCBuildConfiguration section */

/* Begin XCConfigurationList section */
		1AF2964A23BD838600A7FC7F /* Build configuration list for PBXProject "KElonTinder" */ = {
			isa = XCConfigurationList;
			buildConfigurations = (
				1AF2967723BD838800A7FC7F /* Debug */,
				1AF2967823BD838800A7FC7F /* Release */,
			);
			defaultConfigurationIsVisible = 0;
			defaultConfigurationName = Release;
		};
		1AF2967923BD838800A7FC7F /* Build configuration list for PBXNativeTarget "KElonTinder" */ = {
			isa = XCConfigurationList;
			buildConfigurations = (
				1AF2967A23BD838800A7FC7F /* Debug */,
				1AF2967B23BD838800A7FC7F /* Release */,
			);
			defaultConfigurationIsVisible = 0;
			defaultConfigurationName = Release;
		};
		1AF2967C23BD838800A7FC7F /* Build configuration list for PBXNativeTarget "KElonTinderTests" */ = {
			isa = XCConfigurationList;
			buildConfigurations = (
				1AF2967D23BD838800A7FC7F /* Debug */,
				1AF2967E23BD838800A7FC7F /* Release */,
			);
			defaultConfigurationIsVisible = 0;
			defaultConfigurationName = Release;
		};
		1AF2967F23BD838800A7FC7F /* Build configuration list for PBXNativeTarget "KElonTinderUITests" */ = {
			isa = XCConfigurationList;
			buildConfigurations = (
				1AF2968023BD838800A7FC7F /* Debug */,
				1AF2968123BD838800A7FC7F /* Release */,
			);
			defaultConfigurationIsVisible = 0;
			defaultConfigurationName = Release;
		};
/* End XCConfigurationList section */
	};
	rootObject = 1AF2964723BD838600A7FC7F /* Project object */;
}
